<?xml version="1.0" encoding="utf-8"?>
<Project ToolsVersion="4.0" xmlns="http://schemas.microsoft.com/developer/msbuild/2003">
  <ItemGroup>
    <Filter Include="소스 파일">
      <UniqueIdentifier>{4FC737F1-C7A5-4376-A066-2A32D752A2FF}</UniqueIdentifier>
      <Extensions>cpp;c;cc;cxx;c++;cppm;ixx;def;odl;idl;hpj;bat;asm;asmx</Extensions>
    </Filter>
    <Filter Include="헤더 파일">
      <UniqueIdentifier>{93995380-89BD-4b04-88EB-625FBE52EBFB}</UniqueIdentifier>
      <Extensions>h;hh;hpp;hxx;h++;hm;inl;inc;ipp;xsd</Extensions>
    </Filter>
    <Filter Include="리소스 파일">
      <UniqueIdentifier>{67DA6AB6-F800-4c08-8B7A-83BB121AAD01}</UniqueIdentifier>
      <Extensions>rc;ico;cur;bmp;dlg;rc2;rct;bin;rgs;gif;jpg;jpeg;jpe;resx;tiff;tif;png;wav;mfcribbon-ms</Extensions>
    </Filter>
    <Filter Include="헤더 파일\Creational">
      <UniqueIdentifier>{9c3e6140-a085-4efb-ac07-8c831e34a358}</UniqueIdentifier>
    </Filter>
    <Filter Include="헤더 파일\Creational\Factory">
      <UniqueIdentifier>{9e39b899-3be1-47f0-ab99-17858abc79ef}</UniqueIdentifier>
    </Filter>
    <Filter Include="헤더 파일\Creational\Singleton">
      <UniqueIdentifier>{daf1d179-84e4-49c7-bcfa-05ff97b08380}</UniqueIdentifier>
    </Filter>
    <Filter Include="헤더 파일\Creational\FactoryMethod">
      <UniqueIdentifier>{229ebfe1-416a-497e-b20b-ced424536aeb}</UniqueIdentifier>
    </Filter>
    <Filter Include="헤더 파일\Creational\AbstractFactory">
      <UniqueIdentifier>{380cf9c3-0b5b-41f9-8cb7-60f736b4fa32}</UniqueIdentifier>
    </Filter>
  </ItemGroup>
  <ItemGroup>
    <ClCompile Include="BreakDesignPattern.cpp">
      <Filter>소스 파일</Filter>
    </ClCompile>
  </ItemGroup>
  <ItemGroup>
    <ClInclude Include="Bread.h">
      <Filter>헤더 파일\Creational\Factory</Filter>
    </ClInclude>
    <ClInclude Include="Store.h">
      <Filter>헤더 파일\Creational\Factory</Filter>
    </ClInclude>
    <ClInclude Include="BreadFactory.h">
      <Filter>헤더 파일\Creational\Factory</Filter>
    </ClInclude>
    <ClInclude Include="Airconditioner.h">
      <Filter>헤더 파일\Creational\Singleton</Filter>
    </ClInclude>
    <ClInclude Include="Singleton.h">
      <Filter>헤더 파일\Creational\Singleton</Filter>
    </ClInclude>
    <ClInclude Include="TerranFactory.h">
      <Filter>헤더 파일\Creational\AbstractFactory</Filter>
    </ClInclude>
    <ClInclude Include="TerranWeapon.h">
      <Filter>헤더 파일\Creational\AbstractFactory</Filter>
    </ClInclude>
    <ClInclude Include="TerranDamageType.h">
      <Filter>헤더 파일\Creational\AbstractFactory</Filter>
    </ClInclude>
    <ClInclude Include="TerranMass.h">
      <Filter>헤더 파일\Creational\AbstractFactory</Filter>
    </ClInclude>
  </ItemGroup>
</Project>